
Microsoft Visual Studio Solution File, Format Version 12.00
# Visual Studio 15
VisualStudioVersion = 15.0.27703.2042
MinimumVisualStudioVersion = 10.0.40219.1
Project("{FAE04EC0-301F-11D3-BF4B-00C04F79EFBC}") = "WebAPI", "WebAPI\WebAPI.csproj", "{13504A6B-2357-44BE-B174-789A2A1A8E70}"
EndProject
Project("{FAE04EC0-301F-11D3-BF4B-00C04F79EFBC}") = "WebAPI.Tests", "WebAPI.Tests\WebAPI.Tests.csproj", "{570AE898-36C0-43CD-A1DD-5D2B802E5C33}"
EndProject
Global
	GlobalSection(SolutionConfigurationPlatforms) = preSolution
		Debug|Any CPU = Debug|Any CPU
		Release|Any CPU = Release|Any CPU
	EndGlobalSection
	GlobalSection(ProjectConfigurationPlatforms) = postSolution
		{13504A6B-2357-44BE-B174-789A2A1A8E70}.Debug|Any CPU.ActiveCfg = Debug|Any CPU
		{13504A6B-2357-44BE-B174-789A2A1A8E70}.Debug|Any CPU.Build.0 = Debug|Any CPU
		{13504A6B-2357-44BE-B174-789A2A1A8E70}.Release|Any CPU.ActiveCfg = Release|Any CPU
		{13504A6B-2357-44BE-B174-789A2A1A8E70}.Release|Any CPU.Build.0 = Release|Any CPU
		{570AE898-36C0-43CD-A1DD-5D2B802E5C33}.Debug|Any CPU.ActiveCfg = Debug|Any CPU
		{570AE898-36C0-43CD-A1DD-5D2B802E5C33}.Debug|Any CPU.Build.0 = Debug|Any CPU
		{570AE898-36C0-43CD-A1DD-5D2B802E5C33}.Release|Any CPU.ActiveCfg = Release|Any CPU
		{570AE898-36C0-43CD-A1DD-5D2B802E5C33}.Release|Any CPU.Build.0 = Release|Any CPU
	EndGlobalSection
	GlobalSection(SolutionProperties) = preSolution
		HideSolutionNode = FALSE
	EndGlobalSection
	GlobalSection(ExtensibilityGlobals) = postSolution
		SolutionGuid = {2813F889-CED9-4DE3-9ADC-42C2F3533E83}
	EndGlobalSection
EndGlobal
